
Microsoft Visual Studio Solution File, Format Version 12.00
# Visual Studio 15
VisualStudioVersion = 15.0.26730.12
MinimumVisualStudioVersion = 10.0.40219.1
Project("{8BC9CEB8-8B4A-11D0-8D11-00A0C91BC942}") = "doublePointersHomework", "doublePointersHomework\doublePointersHomework.vcxproj", "{6C45DB77-AFC4-4C4B-8A79-A6A23C3BEF2E}"
EndProject
Global
	GlobalSection(SolutionConfigurationPlatforms) = preSolution
		Debug|x64 = Debug|x64
		Debug|x86 = Debug|x86
		Release|x64 = Release|x64
		Release|x86 = Release|x86
	EndGlobalSection
	GlobalSection(ProjectConfigurationPlatforms) = postSolution
		{6C45DB77-AFC4-4C4B-8A79-A6A23C3BEF2E}.Debug|x64.ActiveCfg = Debug|x64
		{6C45DB77-AFC4-4C4B-8A79-A6A23C3BEF2E}.Debug|x64.Build.0 = Debug|x64
		{6C45DB77-AFC4-4C4B-8A79-A6A23C3BEF2E}.Debug|x86.ActiveCfg = Debug|Win32
		{6C45DB77-AFC4-4C4B-8A79-A6A23C3BEF2E}.Debug|x86.Build.0 = Debug|Win32
		{6C45DB77-AFC4-4C4B-8A79-A6A23C3BEF2E}.Release|x64.ActiveCfg = Release|x64
		{6C45DB77-AFC4-4C4B-8A79-A6A23C3BEF2E}.Release|x64.Build.0 = Release|x64
		{6C45DB77-AFC4-4C4B-8A79-A6A23C3BEF2E}.Release|x86.ActiveCfg = Release|Win32
		{6C45DB77-AFC4-4C4B-8A79-A6A23C3BEF2E}.Release|x86.Build.0 = Release|Win32
	EndGlobalSection
	GlobalSection(SolutionProperties) = preSolution
		HideSolutionNode = FALSE
	EndGlobalSection
	GlobalSection(ExtensibilityGlobals) = postSolution
		SolutionGuid = {1131E36D-B1E8-49A4-A3C9-734D96B5B216}
	EndGlobalSection
EndGlobal
